
Microsoft Visual Studio Solution File, Format Version 12.00
# Visual Studio 15
VisualStudioVersion = 15.0.27703.2000
MinimumVisualStudioVersion = 10.0.40219.1
Project("{FAE04EC0-301F-11D3-BF4B-00C04F79EFBC}") = "ServiceIndustryWebSolo", "ServiceIndustryWebSolo\ServiceIndustryWebSolo.csproj", "{D962D5C5-F35D-4A9A-9995-4F9D81AD5D4A}"
EndProject
Project("{FAE04EC0-301F-11D3-BF4B-00C04F79EFBC}") = "DAL", "DAL\DAL.csproj", "{DB77FF86-57EE-432F-A968-34021AB852CC}"
EndProject
Project("{FAE04EC0-301F-11D3-BF4B-00C04F79EFBC}") = "Models", "Models\Models.csproj", "{E2C085BD-02A6-4B44-B6D4-4D599DC0351E}"
EndProject
Project("{9A19103F-16F7-4668-BE54-9A1E7A4F7556}") = "BAL", "BAL\BAL.csproj", "{010D9A00-0D5B-4D6F-837A-16946073DE96}"
EndProject
Project("{FAE04EC0-301F-11D3-BF4B-00C04F79EFBC}") = "Resources", "Resources\Resources.csproj", "{293E6C13-47E1-42EA-8DEF-E88A751C6C0D}"
EndProject
Global
	GlobalSection(SolutionConfigurationPlatforms) = preSolution
		Debug|Any CPU = Debug|Any CPU
		Release|Any CPU = Release|Any CPU
	EndGlobalSection
	GlobalSection(ProjectConfigurationPlatforms) = postSolution
		{D962D5C5-F35D-4A9A-9995-4F9D81AD5D4A}.Debug|Any CPU.ActiveCfg = Debug|Any CPU
		{D962D5C5-F35D-4A9A-9995-4F9D81AD5D4A}.Debug|Any CPU.Build.0 = Debug|Any CPU
		{D962D5C5-F35D-4A9A-9995-4F9D81AD5D4A}.Release|Any CPU.ActiveCfg = Release|Any CPU
		{D962D5C5-F35D-4A9A-9995-4F9D81AD5D4A}.Release|Any CPU.Build.0 = Release|Any CPU
		{DB77FF86-57EE-432F-A968-34021AB852CC}.Debug|Any CPU.ActiveCfg = Debug|Any CPU
		{DB77FF86-57EE-432F-A968-34021AB852CC}.Debug|Any CPU.Build.0 = Debug|Any CPU
		{DB77FF86-57EE-432F-A968-34021AB852CC}.Release|Any CPU.ActiveCfg = Release|Any CPU
		{DB77FF86-57EE-432F-A968-34021AB852CC}.Release|Any CPU.Build.0 = Release|Any CPU
		{E2C085BD-02A6-4B44-B6D4-4D599DC0351E}.Debug|Any CPU.ActiveCfg = Debug|Any CPU
		{E2C085BD-02A6-4B44-B6D4-4D599DC0351E}.Debug|Any CPU.Build.0 = Debug|Any CPU
		{E2C085BD-02A6-4B44-B6D4-4D599DC0351E}.Release|Any CPU.ActiveCfg = Release|Any CPU
		{E2C085BD-02A6-4B44-B6D4-4D599DC0351E}.Release|Any CPU.Build.0 = Release|Any CPU
		{010D9A00-0D5B-4D6F-837A-16946073DE96}.Debug|Any CPU.ActiveCfg = Debug|Any CPU
		{010D9A00-0D5B-4D6F-837A-16946073DE96}.Debug|Any CPU.Build.0 = Debug|Any CPU
		{010D9A00-0D5B-4D6F-837A-16946073DE96}.Release|Any CPU.ActiveCfg = Release|Any CPU
		{010D9A00-0D5B-4D6F-837A-16946073DE96}.Release|Any CPU.Build.0 = Release|Any CPU
		{293E6C13-47E1-42EA-8DEF-E88A751C6C0D}.Debug|Any CPU.ActiveCfg = Debug|Any CPU
		{293E6C13-47E1-42EA-8DEF-E88A751C6C0D}.Debug|Any CPU.Build.0 = Debug|Any CPU
		{293E6C13-47E1-42EA-8DEF-E88A751C6C0D}.Release|Any CPU.ActiveCfg = Release|Any CPU
		{293E6C13-47E1-42EA-8DEF-E88A751C6C0D}.Release|Any CPU.Build.0 = Release|Any CPU
	EndGlobalSection
	GlobalSection(SolutionProperties) = preSolution
		HideSolutionNode = FALSE
	EndGlobalSection
	GlobalSection(ExtensibilityGlobals) = postSolution
		SolutionGuid = {34CEE88C-A495-4B8D-AFE9-2617C3DE1FEE}
	EndGlobalSection
EndGlobal
